<?xml version="1.0" encoding="utf-8"?>
<Project ToolsVersion="4.0" xmlns="http://schemas.microsoft.com/developer/msbuild/2003">
  <ItemGroup>
    <ClCompile Include="tst\CommonTestHeaders.cpp" />
    <ClCompile Include="tst\CommonTests\VersionTest.cpp">
      <Filter>CommonTests</Filter>
    </ClCompile>
    <ClCompile Include="tst\vkCoreTests\VulkanInstanceFactoryTest.cpp">
      <Filter>vkCoreTests</Filter>
    </ClCompile>
  </ItemGroup>
  <ItemGroup>
    <None Include="packages.config" />
  </ItemGroup>
  <ItemGroup>
    <Filter Include="vkCoreTests">
      <UniqueIdentifier>{5a8665a7-62aa-4971-a36f-f76accdc4a9b}</UniqueIdentifier>
    </Filter>
    <Filter Include="CommonTests">
      <UniqueIdentifier>{a46f0465-a4c6-45d4-bac6-ce7079b125e4}</UniqueIdentifier>
    </Filter>
  </ItemGroup>
  <ItemGroup>
    <ClInclude Include="tst\CommonTestHeaders.h" />
    <ClInclude Include="tst\vkCoreTests\LoaderMock.h">
      <Filter>vkCoreTests</Filter>
    </ClInclude>
  </ItemGroup>
</Project>